
Microsoft Visual Studio Solution File, Format Version 12.00
# Visual Studio 16
Project("{FAE04EC0-301F-11D3-BF4B-00C04F79EFBC}") = "Assembly-CSharp", "Assembly-CSharp.csproj", "{7878BC1D-E9A6-3F64-16D3-CE541B5C4D2C}"
EndProject
Project("{FAE04EC0-301F-11D3-BF4B-00C04F79EFBC}") = "Assembly-CSharp-Editor", "Assembly-CSharp-Editor.csproj", "{78B23429-C78C-4C62-216D-3152D694ED37}"
EndProject
Global
	GlobalSection(SolutionConfigurationPlatforms) = preSolution
		Debug|Any CPU = Debug|Any CPU
		Release|Any CPU = Release|Any CPU
	EndGlobalSection
	GlobalSection(ProjectConfigurationPlatforms) = postSolution
		{7878BC1D-E9A6-3F64-16D3-CE541B5C4D2C}.Debug|Any CPU.ActiveCfg = Debug|Any CPU
		{7878BC1D-E9A6-3F64-16D3-CE541B5C4D2C}.Debug|Any CPU.Build.0 = Debug|Any CPU
		{7878BC1D-E9A6-3F64-16D3-CE541B5C4D2C}.Release|Any CPU.ActiveCfg = Release|Any CPU
		{7878BC1D-E9A6-3F64-16D3-CE541B5C4D2C}.Release|Any CPU.Build.0 = Release|Any CPU
		{78B23429-C78C-4C62-216D-3152D694ED37}.Debug|Any CPU.ActiveCfg = Debug|Any CPU
		{78B23429-C78C-4C62-216D-3152D694ED37}.Debug|Any CPU.Build.0 = Debug|Any CPU
		{78B23429-C78C-4C62-216D-3152D694ED37}.Release|Any CPU.ActiveCfg = Release|Any CPU
		{78B23429-C78C-4C62-216D-3152D694ED37}.Release|Any CPU.Build.0 = Release|Any CPU
	EndGlobalSection
	GlobalSection(SolutionProperties) = preSolution
		HideSolutionNode = FALSE
	EndGlobalSection
EndGlobal
